
Microsoft Visual Studio Solution File, Format Version 12.00
# Visual Studio Version 17
VisualStudioVersion = 17.10.34928.147
MinimumVisualStudioVersion = 10.0.40219.1
Project("{FAE04EC0-301F-11D3-BF4B-00C04F79EFBC}") = "Model", "src\Model\Model.csproj", "{E4134F20-A16A-4A15-AD55-68AEC20232E0}"
EndProject
Project("{FAE04EC0-301F-11D3-BF4B-00C04F79EFBC}") = "TestProject1", "src\Tests\TestProject1\TestProject1.csproj", "{D6646BCB-E1C3-4608-9B29-212666781FDB}"
EndProject
Project("{FAE04EC0-301F-11D3-BF4B-00C04F79EFBC}") = "Logic", "src\Logic\Logic.csproj", "{6476BBE3-CC40-418E-A7CF-AC572773373B}"
EndProject
Project("{FAE04EC0-301F-11D3-BF4B-00C04F79EFBC}") = "DataAccess", "src\DataAccess\DataAccess.csproj", "{E55695D2-BECA-4919-BF5C-96578FC1687F}"
EndProject
Global
	GlobalSection(SolutionConfigurationPlatforms) = preSolution
		Debug|Any CPU = Debug|Any CPU
		Release|Any CPU = Release|Any CPU
	EndGlobalSection
	GlobalSection(ProjectConfigurationPlatforms) = postSolution
		{E4134F20-A16A-4A15-AD55-68AEC20232E0}.Debug|Any CPU.ActiveCfg = Debug|Any CPU
		{E4134F20-A16A-4A15-AD55-68AEC20232E0}.Debug|Any CPU.Build.0 = Debug|Any CPU
		{E4134F20-A16A-4A15-AD55-68AEC20232E0}.Release|Any CPU.ActiveCfg = Release|Any CPU
		{E4134F20-A16A-4A15-AD55-68AEC20232E0}.Release|Any CPU.Build.0 = Release|Any CPU
		{D6646BCB-E1C3-4608-9B29-212666781FDB}.Debug|Any CPU.ActiveCfg = Debug|Any CPU
		{D6646BCB-E1C3-4608-9B29-212666781FDB}.Debug|Any CPU.Build.0 = Debug|Any CPU
		{D6646BCB-E1C3-4608-9B29-212666781FDB}.Release|Any CPU.ActiveCfg = Release|Any CPU
		{D6646BCB-E1C3-4608-9B29-212666781FDB}.Release|Any CPU.Build.0 = Release|Any CPU
		{6476BBE3-CC40-418E-A7CF-AC572773373B}.Debug|Any CPU.ActiveCfg = Debug|Any CPU
		{6476BBE3-CC40-418E-A7CF-AC572773373B}.Debug|Any CPU.Build.0 = Debug|Any CPU
		{6476BBE3-CC40-418E-A7CF-AC572773373B}.Release|Any CPU.ActiveCfg = Release|Any CPU
		{6476BBE3-CC40-418E-A7CF-AC572773373B}.Release|Any CPU.Build.0 = Release|Any CPU
		{E55695D2-BECA-4919-BF5C-96578FC1687F}.Debug|Any CPU.ActiveCfg = Debug|Any CPU
		{E55695D2-BECA-4919-BF5C-96578FC1687F}.Debug|Any CPU.Build.0 = Debug|Any CPU
		{E55695D2-BECA-4919-BF5C-96578FC1687F}.Release|Any CPU.ActiveCfg = Release|Any CPU
		{E55695D2-BECA-4919-BF5C-96578FC1687F}.Release|Any CPU.Build.0 = Release|Any CPU
	EndGlobalSection
	GlobalSection(SolutionProperties) = preSolution
		HideSolutionNode = FALSE
	EndGlobalSection
	GlobalSection(ExtensibilityGlobals) = postSolution
		SolutionGuid = {292D17FF-9755-4B01-AE84-FBE4BBD0E4AF}
	EndGlobalSection
EndGlobal
